
Microsoft Visual Studio Solution File, Format Version 12.00
# Visual Studio Version 17
VisualStudioVersion = 17.11.35327.3
MinimumVisualStudioVersion = 10.0.40219.1
Project("{FAE04EC0-301F-11D3-BF4B-00C04F79EFBC}") = "LinkedList", "LinkedList.csproj", "{7AF84BF5-6427-4CAE-9C4E-B0C288BBFA8C}"
EndProject
Global
	GlobalSection(SolutionConfigurationPlatforms) = preSolution
		Debug|Any CPU = Debug|Any CPU
		Release|Any CPU = Release|Any CPU
	EndGlobalSection
	GlobalSection(ProjectConfigurationPlatforms) = postSolution
		{7AF84BF5-6427-4CAE-9C4E-B0C288BBFA8C}.Debug|Any CPU.ActiveCfg = Debug|Any CPU
		{7AF84BF5-6427-4CAE-9C4E-B0C288BBFA8C}.Debug|Any CPU.Build.0 = Debug|Any CPU
		{7AF84BF5-6427-4CAE-9C4E-B0C288BBFA8C}.Release|Any CPU.ActiveCfg = Release|Any CPU
		{7AF84BF5-6427-4CAE-9C4E-B0C288BBFA8C}.Release|Any CPU.Build.0 = Release|Any CPU
	EndGlobalSection
	GlobalSection(SolutionProperties) = preSolution
		HideSolutionNode = FALSE
	EndGlobalSection
	GlobalSection(ExtensibilityGlobals) = postSolution
		SolutionGuid = {036F1088-5FBF-4A68-8489-9E20D2C92CEE}
	EndGlobalSection
EndGlobal
