
Microsoft Visual Studio Solution File, Format Version 12.00
# Visual Studio Version 17
VisualStudioVersion = 17.11.35327.3
MinimumVisualStudioVersion = 10.0.40219.1
Project("{FAE04EC0-301F-11D3-BF4B-00C04F79EFBC}") = "ComparisonDemo", "ComparisonDemo.csproj", "{4FE4A354-F59E-4F94-8F64-90287712B318}"
EndProject
Global
	GlobalSection(SolutionConfigurationPlatforms) = preSolution
		Debug|Any CPU = Debug|Any CPU
		Release|Any CPU = Release|Any CPU
	EndGlobalSection
	GlobalSection(ProjectConfigurationPlatforms) = postSolution
		{4FE4A354-F59E-4F94-8F64-90287712B318}.Debug|Any CPU.ActiveCfg = Debug|Any CPU
		{4FE4A354-F59E-4F94-8F64-90287712B318}.Debug|Any CPU.Build.0 = Debug|Any CPU
		{4FE4A354-F59E-4F94-8F64-90287712B318}.Release|Any CPU.ActiveCfg = Release|Any CPU
		{4FE4A354-F59E-4F94-8F64-90287712B318}.Release|Any CPU.Build.0 = Release|Any CPU
	EndGlobalSection
	GlobalSection(SolutionProperties) = preSolution
		HideSolutionNode = FALSE
	EndGlobalSection
	GlobalSection(ExtensibilityGlobals) = postSolution
		SolutionGuid = {83703CEE-94DE-4717-8A25-B257AECD8A46}
	EndGlobalSection
EndGlobal
